schema: '2.0'
stages:
  load_data:
    cmd: python src/load_data.py --config=params.yaml
    deps:
    - path: data_given/winequality-red.csv
      hash: md5
      md5: 6a883fd98624e18c0b7ce251f4fab4fb
      size: 100951
    - path: src/get_data.py
      hash: md5
      md5: 5a655549eafd7c04f79aea3d81c34b2a
      size: 690
    - path: src/load_data.py
      hash: md5
      md5: 63e1dae3580d5d06650d8d2f529cfdae
      size: 687
    outs:
    - path: data/raw/winequality-red.csv
      hash: md5
      md5: 919e9477c64f61c85f5c54628774b327
      size: 95085
  split_data:
    cmd: python src/split_data.py --config=params.yaml
    deps:
    - path: data/raw/winequality-red.csv
      hash: md5
      md5: 919e9477c64f61c85f5c54628774b327
      size: 95085
    - path: src/split_data.py
      hash: md5
      md5: 322d0d2dd2c0bb8b9bd0d2611d5224f7
      size: 1053
    outs:
    - path: data/processed/test_winequality-red.csv
      hash: md5
      md5: 29bcfe4cf99b42c1d96395b1cdec1369
      size: 19157
    - path: data/processed/train_winequality-red.csv
      hash: md5
      md5: 0c44c36a10b6c29393b24d5dd6241cec
      size: 76075
  train_and_evaluate:
    cmd: python src/train_and_evaluate.py --config=params.yaml
    deps:
    - path: data/processed/test_winequality-red.csv
      hash: md5
      md5: 29bcfe4cf99b42c1d96395b1cdec1369
      size: 19157
    - path: data/processed/train_winequality-red.csv
      hash: md5
      md5: 0c44c36a10b6c29393b24d5dd6241cec
      size: 76075
    - path: src/train_and_evaluate.py
      hash: md5
      md5: 038991843c48b5ceb1efae7329889351
      size: 2589
    params:
      params.yaml:
        estimators.ElasticNet.params.alpha: 0.9
        estimators.ElasticNet.params.l1_ratio: 0.4
    outs:
    - path: report/params.json
      hash: md5
      md5: 443ce921d72995d744e459d0213405d7
      size: 44
    - path: report/scores.json
      hash: md5
      md5: 5cd8a2f801585bc183b001b1b8dfdf9d
      size: 101
